{
  "name": "run-on-arch",
  "version": "2.0.7",
  "lockfileVersion": 1,
  "requires": true,
  "dependencies": {
    "@actions/core": {
      "version": "1.2.6",
      "resolved": "https://registry.npmjs.org/@actions/core/-/core-1.2.6.tgz",
      "integrity": "sha512-ZQYitnqiyBc3D+k7LsgSBmMDVkOVidaagDG7j3fOym77jNunWRuYx7VSHa9GNfFZh+zh61xsCjRj4JxMZlDqTA=="
    },
    "@actions/exec": {
      "version": "1.0.1",
      "resolved": "https://registry.npmjs.org/@actions/exec/-/exec-1.0.1.tgz",
      "integrity": "sha512-nvFkxwiicvpzNiCBF4wFBDfnBvi7xp/as7LE1hBxBxKG2L29+gkIPBiLKMVORL+Hg3JNf07AKRfl0V5djoypjQ=="
    },
    "@types/node": {
      "version": "16.3.0",
      "resolved": "https://registry.npmjs.org/@types/node/-/node-16.3.0.tgz",
      "integrity": "sha512-OydMCocGMGqw/1BnWbhtK+AtwyWTOigtrQlRe57OQmTNcI3HKlVI5FGlh+c4mSqInMPLynFrTlYjfajPu9O/eQ==",
      "dev": true
    },
    "@vercel/ncc": {
      "version": "0.28.6",
      "resolved": "https://registry.npmjs.org/@vercel/ncc/-/ncc-0.28.6.tgz",
      "integrity": "sha512-t4BoSSuyK8BZaUE0gV18V6bkFs4st7baumtFGa50dv1tMu2GDBEBF8sUZaKBdKiL6DzJ2D2+XVCwYWWDcQOYdQ==",
      "dev": true
    },
    "shlex": {
      "version": "2.0.2",
      "resolved": "https://registry.npmjs.org/shlex/-/shlex-2.0.2.tgz",
      "integrity": "sha512-i4p9nNXgBTILspHwZlBCNsZzwuVWW8SFx5dyIONrjL0R+AbMOPbg7ndqgGfjYivkYRTtZMKqIT8HT+QyOhPQWA=="
    },
    "typescript": {
      "version": "4.3.5",
      "resolved": "https://registry.npmjs.org/typescript/-/typescript-4.3.5.tgz",
      "integrity": "sha512-DqQgihaQ9cUrskJo9kIyW/+g0Vxsk8cDtZ52a3NGh0YNTfpUSArXSohyUGnvbPazEPLu398C0UxmKSOrPumUzA==",
      "dev": true
    },
    "yaml": {
      "version": "1.10.0",
      "resolved": "https://registry.npmjs.org/yaml/-/yaml-1.10.0.tgz",
      "integrity": "sha512-yr2icI4glYaNG+KWONODapy2/jDdMSDnrONSjblABjD9B4Z5LgiircSt8m8sRZFNi08kG9Sm0uSHtEmP3zaEGg=="
    }
  }
}
